// !$*UTF8*$!
{
	archiveVersion = 1;
	classes = {
	};
	objectVersion = 56;
	objects = {

/* Begin PBXBuildFile section */
		0FBA39F730674A4F0023284B /* Assets.xcassets in Resources */ = {isa = PBXBuildFile; fileRef = 0FBA39F630674A4F0023284B /* Assets.xcassets */; };
		0FBA39FB30674A500023284B /* Preview Assets.xcassets in Resources */ = {isa = PBXBuildFile; fileRef = 0FBA39FA30674A500023284B /* Preview Assets.xcassets */; };
		0FBA3A0530674A500023284B /* CamaraMicrofonoTests.swift in Sources */ = {isa = PBXBuildFile; fileRef = 0FBA3A0430674A500023284B /* CamaraMicrofonoTests.swift */; };
		0FBA3A0F30674A500023284B /* CamaraMicrofonoUITests.swift in Sources */ = {isa = PBXBuildFile; fileRef = 0FBA3A0E30674A500023284B /* CamaraMicrofonoUITests.swift */; };
		0FBA3A1130674A500023284B /* CamaraMicrofonoUITestsLaunchTests.swift in Sources */ = {isa = PBXBuildFile; fileRef = 0FBA3A1030674A500023284B /* CamaraMicrofonoUITestsLaunchTests.swift */; };
		0FBA3A2A30674A910023284B /* GalleryView.swift in Sources */ = {isa = PBXBuildFile; fileRef = 0FBA3A1D30674A910023284B /* GalleryView.swift */; };
		0FBA3A2B30674A910023284B /* LocationHelper.swift in Sources */ = {isa = PBXBuildFile; fileRef = 0FBA3A1E30674A910023284B /* LocationHelper.swift */; };
		0FBA3A2C30674A910023284B /* MediaStore.swift in Sources */ = {isa = PBXBuildFile; fileRef = 0FBA3A1F30674A910023284B /* MediaStore.swift */; };
		0FBA3A2D30674A910023284B /* PersistenceController.swift in Sources */ = {isa = PBXBuildFile; fileRef = 0FBA3A2030674A910023284B /* PersistenceController.swift */; };
		0FBA3A2E30674A910023284B /* PhotoDetailView.swift in Sources */ = {isa = PBXBuildFile; fileRef = 0FBA3A2130674A910023284B /* PhotoDetailView.swift */; };
		0FBA3A2F30674A910023284B /* RootTabView.swift in Sources */ = {isa = PBXBuildFile; fileRef = 0FBA3A2230674A910023284B /* RootTabView.swift */; };
		0FBA3A3230674A910023284B /* CamaraMicrofono.xcdatamodeld in Sources */ = {isa = PBXBuildFile; fileRef = 0FBA3A2530674A910023284B /* CamaraMicrofono.xcdatamodeld */; };
		0FBA3A3330674A910023284B /* CamaraMicrofonoApp.swift in Sources */ = {isa = PBXBuildFile; fileRef = 0FBA3A2730674A910023284B /* CamaraMicrofonoApp.swift */; };
		0FBA3A3430674A910023284B /* AppTheme.swift in Sources */ = {isa = PBXBuildFile; fileRef = 0FBA3A2830674A910023284B /* AppTheme.swift */; };
		0FBA3A3530674A910023284B /* AudioPlayerView.swift in Sources */ = {isa = PBXBuildFile; fileRef = 0FBA3A2930674A910023284B /* AudioPlayerView.swift */; };
		0FBA3A3A30674D3E0023284B /* CameraCaptureView.swift in Sources */ = {isa = PBXBuildFile; fileRef = 0FBA3A3930674D3E0023284B /* CameraCaptureView.swift */; };
		0FBA3A3C306750110023284B /* AudioRecorderView.swift in Sources */ = {isa = PBXBuildFile; fileRef = 0FBA3A3B306750110023284B /* AudioRecorderView.swift */; };
/* End PBXBuildFile section */

/* Begin PBXContainerItemProxy section */
		0FBA3A0130674A500023284B /* PBXContainerItemProxy */ = {
			isa = PBXContainerItemProxy;
			containerPortal = 0FBA39E730674A4A0023284B /* Project object */;
			proxyType = 1;
			remoteGlobalIDString = 0FBA39EE30674A4A0023284B;
			remoteInfo = CamaraMicrofono;
		};
		0FBA3A0B30674A500023284B /* PBXContainerItemProxy */ = {
			isa = PBXContainerItemProxy;
			containerPortal = 0FBA39E730674A4A0023284B /* Project object */;
			proxyType = 1;
			remoteGlobalIDString = 0FBA39EE30674A4A0023284B;
			remoteInfo = CamaraMicrofono;
		};
/* End PBXContainerItemProxy section */

/* Begin PBXFileReference section */
		0FBA39EF30674A4A0023284B /* CamaraMicrofono.app */ = {isa = PBXFileReference; explicitFileType = wrapper.application; includeInIndex = 0; path = CamaraMicrofono.app; sourceTree = BUILT_PRODUCTS_DIR; };
		0FBA39F630674A4F0023284B /* Assets.xcassets */ = {isa = PBXFileReference; lastKnownFileType = folder.assetcatalog; path = Assets.xcassets; sourceTree = "<group>"; };
		0FBA39F830674A500023284B /* CamaraMicrofono.entitlements */ = {isa = PBXFileReference; lastKnownFileType = text.plist.entitlements; path = CamaraMicrofono.entitlements; sourceTree = "<group>"; };
		0FBA39FA30674A500023284B /* Preview Assets.xcassets */ = {isa = PBXFileReference; lastKnownFileType = folder.assetcatalog; path = "Preview Assets.xcassets"; sourceTree = "<group>"; };
		0FBA3A0030674A500023284B /* CamaraMicrofonoTests.xctest */ = {isa = PBXFileReference; explicitFileType = wrapper.cfbundle; includeInIndex = 0; path = CamaraMicrofonoTests.xctest; sourceTree = BUILT_PRODUCTS_DIR; };
		0FBA3A0430674A500023284B /* CamaraMicrofonoTests.swift */ = {isa = PBXFileReference; lastKnownFileType = sourcecode.swift; path = CamaraMicrofonoTests.swift; sourceTree = "<group>"; };
		0FBA3A0A30674A500023284B /* CamaraMicrofonoUITests.xctest */ = {isa = PBXFileReference; explicitFileType = wrapper.cfbundle; includeInIndex = 0; path = CamaraMicrofonoUITests.xctest; sourceTree = BUILT_PRODUCTS_DIR; };
		0FBA3A0E30674A500023284B /* CamaraMicrofonoUITests.swift */ = {isa = PBXFileReference; lastKnownFileType = sourcecode.swift; path = CamaraMicrofonoUITests.swift; sourceTree = "<group>"; };
		0FBA3A1030674A500023284B /* CamaraMicrofonoUITestsLaunchTests.swift */ = {isa = PBXFileReference; lastKnownFileType = sourcecode.swift; path = CamaraMicrofonoUITestsLaunchTests.swift; sourceTree = "<group>"; };
		0FBA3A1D30674A910023284B /* GalleryView.swift */ = {isa = PBXFileReference; fileEncoding = 4; lastKnownFileType = sourcecode.swift; path = GalleryView.swift; sourceTree = "<group>"; };
		0FBA3A1E30674A910023284B /* LocationHelper.swift */ = {isa = PBXFileReference; fileEncoding = 4; lastKnownFileType = sourcecode.swift; path = LocationHelper.swift; sourceTree = "<group>"; };
		0FBA3A1F30674A910023284B /* MediaStore.swift */ = {isa = PBXFileReference; fileEncoding = 4; lastKnownFileType = sourcecode.swift; path = MediaStore.swift; sourceTree = "<group>"; };
		0FBA3A2030674A910023284B /* PersistenceController.swift */ = {isa = PBXFileReference; fileEncoding = 4; lastKnownFileType = sourcecode.swift; path = PersistenceController.swift; sourceTree = "<group>"; };
		0FBA3A2130674A910023284B /* PhotoDetailView.swift */ = {isa = PBXFileReference; fileEncoding = 4; lastKnownFileType = sourcecode.swift; path = PhotoDetailView.swift; sourceTree = "<group>"; };
		0FBA3A2230674A910023284B /* RootTabView.swift */ = {isa = PBXFileReference; fileEncoding = 4; lastKnownFileType = sourcecode.swift; path = RootTabView.swift; sourceTree = "<group>"; };
		0FBA3A2630674A910023284B /* CamaraMicrofono.xcdatamodel */ = {isa = PBXFileReference; lastKnownFileType = wrapper.xcdatamodel; path = CamaraMicrofono.xcdatamodel; sourceTree = "<group>"; };
		0FBA3A2730674A910023284B /* CamaraMicrofonoApp.swift */ = {isa = PBXFileReference; fileEncoding = 4; lastKnownFileType = sourcecode.swift; path = CamaraMicrofonoApp.swift; sourceTree = "<group>"; };
		0FBA3A2830674A910023284B /* AppTheme.swift */ = {isa = PBXFileReference; fileEncoding = 4; lastKnownFileType = sourcecode.swift; path = AppTheme.swift; sourceTree = "<group>"; };
		0FBA3A2930674A910023284B /* AudioPlayerView.swift */ = {isa = PBXFileReference; fileEncoding = 4; lastKnownFileType = sourcecode.swift; path = AudioPlayerView.swift; sourceTree = "<group>"; };
		0FBA3A3630674ABE0023284B /* Info.plist */ = {isa = PBXFileReference; lastKnownFileType = text.plist; path = Info.plist; sourceTree = "<group>"; };
		0FBA3A3930674D3E0023284B /* CameraCaptureView.swift */ = {isa = PBXFileReference; fileEncoding = 4; lastKnownFileType = sourcecode.swift; path = CameraCaptureView.swift; sourceTree = "<group>"; };
		0FBA3A3B306750110023284B /* AudioRecorderView.swift */ = {isa = PBXFileReference; fileEncoding = 4; lastKnownFileType = sourcecode.swift; path = AudioRecorderView.swift; sourceTree = "<group>"; };
/* End PBXFileReference section */

/* Begin PBXFrameworksBuildPhase section */
		0FBA39EC30674A4A0023284B /* Frameworks */ = {
			isa = PBXFrameworksBuildPhase;
			buildActionMask = 2147483647;
			files = (
			);
			runOnlyForDeploymentPostprocessing = 0;
		};
		0FBA39FD30674A500023284B /* Frameworks */ = {
			isa = PBXFrameworksBuildPhase;
			buildActionMask = 2147483647;
			files = (
			);
			runOnlyForDeploymentPostprocessing = 0;
		};
		0FBA3A0730674A500023284B /* Frameworks */ = {
			isa = PBXFrameworksBuildPhase;
			buildActionMask = 2147483647;
			files = (
			);
			runOnlyForDeploymentPostprocessing = 0;
		};
/* End PBXFrameworksBuildPhase section */

/* Begin PBXGroup section */
		0FBA39E630674A4A0023284B = {
			isa = PBXGroup;
			children = (
				0FBA39F130674A4A0023284B /* CamaraMicrofono */,
				0FBA3A0330674A500023284B /* CamaraMicrofonoTests */,
				0FBA3A0D30674A500023284B /* CamaraMicrofonoUITests */,
				0FBA39F030674A4A0023284B /* Products */,
			);
			sourceTree = "<group>";
		};
		0FBA39F030674A4A0023284B /* Products */ = {
			isa = PBXGroup;
			children = (
				0FBA39EF30674A4A0023284B /* CamaraMicrofono.app */,
				0FBA3A0030674A500023284B /* CamaraMicrofonoTests.xctest */,
				0FBA3A0A30674A500023284B /* CamaraMicrofonoUITests.xctest */,
			);
			name = Products;
			sourceTree = "<group>";
		};
		0FBA39F130674A4A0023284B /* CamaraMicrofono */ = {
			isa = PBXGroup;
			children = (
				0FBA3A3630674ABE0023284B /* Info.plist */,
				0FBA39F630674A4F0023284B /* Assets.xcassets */,
				0FBA39F830674A500023284B /* CamaraMicrofono.entitlements */,
				0FBA39F930674A500023284B /* Preview Content */,
			);
			path = CamaraMicrofono;
			sourceTree = "<group>";
		};
		0FBA39F930674A500023284B /* Preview Content */ = {
			isa = PBXGroup;
			children = (
				0FBA39FA30674A500023284B /* Preview Assets.xcassets */,
			);
			path = "Preview Content";
			sourceTree = "<group>";
		};
		0FBA3A0330674A500023284B /* CamaraMicrofonoTests */ = {
			isa = PBXGroup;
			children = (
				0FBA3A0430674A500023284B /* CamaraMicrofonoTests.swift */,
			);
			path = CamaraMicrofonoTests;
			sourceTree = "<group>";
		};
		0FBA3A0D30674A500023284B /* CamaraMicrofonoUITests */ = {
			isa = PBXGroup;
			children = (
				0FBA3A0E30674A500023284B /* CamaraMicrofonoUITests.swift */,
				0FBA3A1030674A500023284B /* CamaraMicrofonoUITestsLaunchTests.swift */,
				0FBA3A2830674A910023284B /* AppTheme.swift */,
				0FBA3A2930674A910023284B /* AudioPlayerView.swift */,
				0FBA3A2530674A910023284B /* CamaraMicrofono.xcdatamodeld */,
				0FBA3A2730674A910023284B /* CamaraMicrofonoApp.swift */,
				0FBA3A1D30674A910023284B /* GalleryView.swift */,
				0FBA3A1E30674A910023284B /* LocationHelper.swift */,
				0FBA3A1F30674A910023284B /* MediaStore.swift */,
				0FBA3A2030674A910023284B /* PersistenceController.swift */,
				0FBA3A2130674A910023284B /* PhotoDetailView.swift */,
				0FBA3A2230674A910023284B /* RootTabView.swift */,
				0FBA3A3930674D3E0023284B /* CameraCaptureView.swift */,
				0FBA3A3B306750110023284B /* AudioRecorderView.swift */,
			);
			path = CamaraMicrofonoUITests;
			sourceTree = "<group>";
		};
/* End PBXGroup section */

/* Begin PBXNativeTarget section */
		0FBA39EE30674A4A0023284B /* CamaraMicrofono */ = {
			isa = PBXNativeTarget;
			buildConfigurationList = 0FBA3A1430674A500023284B /* Build configuration list for PBXNativeTarget "CamaraMicrofono" */;
			buildPhases = (
				0FBA39EB30674A4A0023284B /* Sources */,
				0FBA39EC30674A4A0023284B /* Frameworks */,
				0FBA39ED30674A4A0023284B /* Resources */,
			);
			buildRules = (
			);
			dependencies = (
			);
			name = CamaraMicrofono;
			productName = CamaraMicrofono;
			productReference = 0FBA39EF30674A4A0023284B /* CamaraMicrofono.app */;
			productType = "com.apple.product-type.application";
		};
		0FBA39FF30674A500023284B /* CamaraMicrofonoTests */ = {
			isa = PBXNativeTarget;
			buildConfigurationList = 0FBA3A1730674A500023284B /* Build configuration list for PBXNativeTarget "CamaraMicrofonoTests" */;
			buildPhases = (
				0FBA39FC30674A500023284B /* Sources */,
				0FBA39FD30674A500023284B /* Frameworks */,
				0FBA39FE30674A500023284B /* Resources */,
			);
			buildRules = (
			);
			dependencies = (
				0FBA3A0230674A500023284B /* PBXTargetDependency */,
			);
			name = CamaraMicrofonoTests;
			productName = CamaraMicrofonoTests;
			productReference = 0FBA3A0030674A500023284B /* CamaraMicrofonoTests.xctest */;
			productType = "com.apple.product-type.bundle.unit-test";
		};
		0FBA3A0930674A500023284B /* CamaraMicrofonoUITests */ = {
			isa = PBXNativeTarget;
			buildConfigurationList = 0FBA3A1A30674A500023284B /* Build configuration list for PBXNativeTarget "CamaraMicrofonoUITests" */;
			buildPhases = (
				0FBA3A0630674A500023284B /* Sources */,
				0FBA3A0730674A500023284B /* Frameworks */,
				0FBA3A0830674A500023284B /* Resources */,
			);
			buildRules = (
			);
			dependencies = (
				0FBA3A0C30674A500023284B /* PBXTargetDependency */,
			);
			name = CamaraMicrofonoUITests;
			productName = CamaraMicrofonoUITests;
			productReference = 0FBA3A0A30674A500023284B /* CamaraMicrofonoUITests.xctest */;
			productType = "com.apple.product-type.bundle.ui-testing";
		};
/* End PBXNativeTarget section */

/* Begin PBXProject section */
		0FBA39E730674A4A0023284B /* Project object */ = {
			isa = PBXProject;
			attributes = {
				BuildIndependentTargetsInParallel = 1;
				LastSwiftUpdateCheck = 1430;
				LastUpgradeCheck = 1430;
				TargetAttributes = {
					0FBA39EE30674A4A0023284B = {
						CreatedOnToolsVersion = 14.3.1;
						LastSwiftMigration = 1430;
					};
					0FBA39FF30674A500023284B = {
						CreatedOnToolsVersion = 14.3.1;
						TestTargetID = 0FBA39EE30674A4A0023284B;
					};
					0FBA3A0930674A500023284B = {
						CreatedOnToolsVersion = 14.3.1;
						TestTargetID = 0FBA39EE30674A4A0023284B;
					};
				};
			};
			buildConfigurationList = 0FBA39EA30674A4A0023284B /* Build configuration list for PBXProject "CamaraMicrofono" */;
			compatibilityVersion = "Xcode 14.0";
			developmentRegion = en;
			hasScannedForEncodings = 0;
			knownRegions = (
				en,
				Base,
			);
			mainGroup = 0FBA39E630674A4A0023284B;
			productRefGroup = 0FBA39F030674A4A0023284B /* Products */;
			projectDirPath = "";
			projectRoot = "";
			targets = (
				0FBA39EE30674A4A0023284B /* CamaraMicrofono */,
				0FBA39FF30674A500023284B /* CamaraMicrofonoTests */,
				0FBA3A0930674A500023284B /* CamaraMicrofonoUITests */,
			);
		};
/* End PBXProject section */

/* Begin PBXResourcesBuildPhase section */
		0FBA39ED30674A4A0023284B /* Resources */ = {
			isa = PBXResourcesBuildPhase;
			buildActionMask = 2147483647;
			files = (
				0FBA39FB30674A500023284B /* Preview Assets.xcassets in Resources */,
				0FBA39F730674A4F0023284B /* Assets.xcassets in Resources */,
			);
			runOnlyForDeploymentPostprocessing = 0;
		};
		0FBA39FE30674A500023284B /* Resources */ = {
			isa = PBXResourcesBuildPhase;
			buildActionMask = 2147483647;
			files = (
			);
			runOnlyForDeploymentPostprocessing = 0;
		};
		0FBA3A0830674A500023284B /* Resources */ = {
			isa = PBXResourcesBuildPhase;
			buildActionMask = 2147483647;
			files = (
			);
			runOnlyForDeploymentPostprocessing = 0;
		};
/* End PBXResourcesBuildPhase section */

/* Begin PBXSourcesBuildPhase section */
		0FBA39EB30674A4A0023284B /* Sources */ = {
			isa = PBXSourcesBuildPhase;
			buildActionMask = 2147483647;
			files = (
				0FBA3A3230674A910023284B /* CamaraMicrofono.xcdatamodeld in Sources */,
				0FBA3A3430674A910023284B /* AppTheme.swift in Sources */,
				0FBA3A3530674A910023284B /* AudioPlayerView.swift in Sources */,
				0FBA3A2C30674A910023284B /* MediaStore.swift in Sources */,
				0FBA3A3330674A910023284B /* CamaraMicrofonoApp.swift in Sources */,
				0FBA3A3C306750110023284B /* AudioRecorderView.swift in Sources */,
				0FBA3A2B30674A910023284B /* LocationHelper.swift in Sources */,
				0FBA3A3A30674D3E0023284B /* CameraCaptureView.swift in Sources */,
				0FBA3A2A30674A910023284B /* GalleryView.swift in Sources */,
				0FBA3A2E30674A910023284B /* PhotoDetailView.swift in Sources */,
				0FBA3A2F30674A910023284B /* RootTabView.swift in Sources */,
				0FBA3A2D30674A910023284B /* PersistenceController.swift in Sources */,
			);
			runOnlyForDeploymentPostprocessing = 0;
		};
		0FBA39FC30674A500023284B /* Sources */ = {
			isa = PBXSourcesBuildPhase;
			buildActionMask = 2147483647;
			files = (
				0FBA3A0530674A500023284B /* CamaraMicrofonoTests.swift in Sources */,
			);
			runOnlyForDeploymentPostprocessing = 0;
		};
		0FBA3A0630674A500023284B /* Sources */ = {
			isa = PBXSourcesBuildPhase;
			buildActionMask = 2147483647;
			files = (
				0FBA3A1130674A500023284B /* CamaraMicrofonoUITestsLaunchTests.swift in Sources */,
				0FBA3A0F30674A500023284B /* CamaraMicrofonoUITests.swift in Sources */,
			);
			runOnlyForDeploymentPostprocessing = 0;
		};
/* End PBXSourcesBuildPhase section */

/* Begin PBXTargetDependency section */
		0FBA3A0230674A500023284B /* PBXTargetDependency */ = {
			isa = PBXTargetDependency;
			target = 0FBA39EE30674A4A0023284B /* CamaraMicrofono */;
			targetProxy = 0FBA3A0130674A500023284B /* PBXContainerItemProxy */;
		};
		0FBA3A0C30674A500023284B /* PBXTargetDependency */ = {
			isa = PBXTargetDependency;
			target = 0FBA39EE30674A4A0023284B /* CamaraMicrofono */;
			targetProxy = 0FBA3A0B30674A500023284B /* PBXContainerItemProxy */;
		};
/* End PBXTargetDependency section */

/* Begin XCBuildConfiguration section */
		0FBA3A1230674A500023284B /* Debug */ = {
			isa = XCBuildConfiguration;
			buildSettings = {
				ALWAYS_SEARCH_USER_PATHS = NO;
				CLANG_ANALYZER_NONNULL = YES;
				CLANG_ANALYZER_NUMBER_OBJECT_CONVERSION = YES_AGGRESSIVE;
				CLANG_CXX_LANGUAGE_STANDARD = "gnu++20";
				CLANG_ENABLE_MODULES = YES;
				CLANG_ENABLE_OBJC_ARC = YES;
				CLANG_ENABLE_OBJC_WEAK = YES;
				CLANG_WARN_BLOCK_CAPTURE_AUTORELEASING = YES;
				CLANG_WARN_BOOL_CONVERSION = YES;
				CLANG_WARN_COMMA = YES;
				CLANG_WARN_CONSTANT_CONVERSION = YES;
				CLANG_WARN_DEPRECATED_OBJC_IMPLEMENTATIONS = YES;
				CLANG_WARN_DIRECT_OBJC_ISA_USAGE = YES_ERROR;
				CLANG_WARN_DOCUMENTATION_COMMENTS = YES;
				CLANG_WARN_EMPTY_BODY = YES;
				CLANG_WARN_ENUM_CONVERSION = YES;
				CLANG_WARN_INFINITE_RECURSION = YES;
				CLANG_WARN_INT_CONVERSION = YES;
				CLANG_WARN_NON_LITERAL_NULL_CONVERSION = YES;
				CLANG_WARN_OBJC_IMPLICIT_RETAIN_SELF = YES;
				CLANG_WARN_OBJC_LITERAL_CONVERSION = YES;
				CLANG_WARN_OBJC_ROOT_CLASS = YES_ERROR;
				CLANG_WARN_QUOTED_INCLUDE_IN_FRAMEWORK_HEADER = YES;
				CLANG_WARN_RANGE_LOOP_ANALYSIS = YES;
				CLANG_WARN_STRICT_PROTOTYPES = YES;
				CLANG_WARN_SUSPICIOUS_MOVE = YES;
				CLANG_WARN_UNGUARDED_AVAILABILITY = YES_AGGRESSIVE;
				CLANG_WARN_UNREACHABLE_CODE = YES;
				CLANG_WARN__DUPLICATE_METHOD_MATCH = YES;
				COPY_PHASE_STRIP = NO;
				DEBUG_INFORMATION_FORMAT = dwarf;
				ENABLE_STRICT_OBJC_MSGSEND = YES;
				ENABLE_TESTABILITY = YES;
				GCC_C_LANGUAGE_STANDARD = gnu11;
				GCC_DYNAMIC_NO_PIC = NO;
				GCC_NO_COMMON_BLOCKS = YES;
				GCC_OPTIMIZATION_LEVEL = 0;
				GCC_PREPROCESSOR_DEFINITIONS = (
					"DEBUG=1",
					"$(inherited)",
				);
				GCC_WARN_64_TO_32_BIT_CONVERSION = YES;
				GCC_WARN_ABOUT_RETURN_TYPE = YES_ERROR;
				GCC_WARN_UNDECLARED_SELECTOR = YES;
				GCC_WARN_UNINITIALIZED_AUTOS = YES_AGGRESSIVE;
				GCC_WARN_UNUSED_FUNCTION = YES;
				GCC_WARN_UNUSED_VARIABLE = YES;
				MTL_ENABLE_DEBUG_INFO = INCLUDE_SOURCE;
				MTL_FAST_MATH = YES;
				ONLY_ACTIVE_ARCH = YES;
				SWIFT_ACTIVE_COMPILATION_CONDITIONS = DEBUG;
				SWIFT_OPTIMIZATION_LEVEL = "-Onone";
			};
			name = Debug;
		};
		0FBA3A1330674A500023284B /* Release */ = {
			isa = XCBuildConfiguration;
			buildSettings = {
				ALWAYS_SEARCH_USER_PATHS = NO;
				CLANG_ANALYZER_NONNULL = YES;
				CLANG_ANALYZER_NUMBER_OBJECT_CONVERSION = YES_AGGRESSIVE;
				CLANG_CXX_LANGUAGE_STANDARD = "gnu++20";
				CLANG_ENABLE_MODULES = YES;
				CLANG_ENABLE_OBJC_ARC = YES;
				CLANG_ENABLE_OBJC_WEAK = YES;
				CLANG_WARN_BLOCK_CAPTURE_AUTORELEASING = YES;
				CLANG_WARN_BOOL_CONVERSION = YES;
				CLANG_WARN_COMMA = YES;
				CLANG_WARN_CONSTANT_CONVERSION = YES;
				CLANG_WARN_DEPRECATED_OBJC_IMPLEMENTATIONS = YES;
				CLANG_WARN_DIRECT_OBJC_ISA_USAGE = YES_ERROR;
				CLANG_WARN_DOCUMENTATION_COMMENTS = YES;
				CLANG_WARN_EMPTY_BODY = YES;
				CLANG_WARN_ENUM_CONVERSION = YES;
				CLANG_WARN_INFINITE_RECURSION = YES;
				CLANG_WARN_INT_CONVERSION = YES;
				CLANG_WARN_NON_LITERAL_NULL_CONVERSION = YES;
				CLANG_WARN_OBJC_IMPLICIT_RETAIN_SELF = YES;
				CLANG_WARN_OBJC_LITERAL_CONVERSION = YES;
				CLANG_WARN_OBJC_ROOT_CLASS = YES_ERROR;
				CLANG_WARN_QUOTED_INCLUDE_IN_FRAMEWORK_HEADER = YES;
				CLANG_WARN_RANGE_LOOP_ANALYSIS = YES;
				CLANG_WARN_STRICT_PROTOTYPES = YES;
				CLANG_WARN_SUSPICIOUS_MOVE = YES;
				CLANG_WARN_UNGUARDED_AVAILABILITY = YES_AGGRESSIVE;
				CLANG_WARN_UNREACHABLE_CODE = YES;
				CLANG_WARN__DUPLICATE_METHOD_MATCH = YES;
				COPY_PHASE_STRIP = NO;
				DEBUG_INFORMATION_FORMAT = "dwarf-with-dsym";
				ENABLE_NS_ASSERTIONS = NO;
				ENABLE_STRICT_OBJC_MSGSEND = YES;
				GCC_C_LANGUAGE_STANDARD = gnu11;
				GCC_NO_COMMON_BLOCKS = YES;
				GCC_WARN_64_TO_32_BIT_CONVERSION = YES;
				GCC_WARN_ABOUT_RETURN_TYPE = YES_ERROR;
				GCC_WARN_UNDECLARED_SELECTOR = YES;
				GCC_WARN_UNINITIALIZED_AUTOS = YES_AGGRESSIVE;
				GCC_WARN_UNUSED_FUNCTION = YES;
				GCC_WARN_UNUSED_VARIABLE = YES;
				MTL_ENABLE_DEBUG_INFO = NO;
				MTL_FAST_MATH = YES;
				SWIFT_COMPILATION_MODE = wholemodule;
				SWIFT_OPTIMIZATION_LEVEL = "-O";
			};
			name = Release;
		};
		0FBA3A1530674A500023284B /* Debug */ = {
			isa = XCBuildConfiguration;
			buildSettings = {
				ASSETCATALOG_COMPILER_APPICON_NAME = AppIcon;
				ASSETCATALOG_COMPILER_GLOBAL_ACCENT_COLOR_NAME = AccentColor;
				CLANG_ENABLE_MODULES = YES;
				CODE_SIGN_ENTITLEMENTS = CamaraMicrofono/CamaraMicrofono.entitlements;
				CODE_SIGN_STYLE = Automatic;
				CURRENT_PROJECT_VERSION = 1;
				DEVELOPMENT_ASSET_PATHS = "\"CamaraMicrofono/Preview Content\"";
				ENABLE_PREVIEWS = YES;
				GENERATE_INFOPLIST_FILE = YES;
				INFOPLIST_FILE = CamaraMicrofono/Info.plist;
				INFOPLIST_KEY_NSCameraUsageDescription = "Se necesita acceso a la camara";
				INFOPLIST_KEY_NSLocationWhenInUseUsageDescription = "Se necesita acceso a tu ubicacion";
				INFOPLIST_KEY_NSMicrophoneUsageDescription = "Se necesita acceso al microfono";
				"INFOPLIST_KEY_UIApplicationSceneManifest_Generation[sdk=iphoneos*]" = YES;
				"INFOPLIST_KEY_UIApplicationSceneManifest_Generation[sdk=iphonesimulator*]" = YES;
				"INFOPLIST_KEY_UIApplicationSupportsIndirectInputEvents[sdk=iphoneos*]" = YES;
				"INFOPLIST_KEY_UIApplicationSupportsIndirectInputEvents[sdk=iphonesimulator*]" = YES;
				"INFOPLIST_KEY_UILaunchScreen_Generation[sdk=iphoneos*]" = YES;
				"INFOPLIST_KEY_UILaunchScreen_Generation[sdk=iphonesimulator*]" = YES;
				"INFOPLIST_KEY_UIStatusBarStyle[sdk=iphoneos*]" = UIStatusBarStyleDefault;
				"INFOPLIST_KEY_UIStatusBarStyle[sdk=iphonesimulator*]" = UIStatusBarStyleDefault;
				INFOPLIST_KEY_UISupportedInterfaceOrientations_iPad = "UIInterfaceOrientationPortrait UIInterfaceOrientationPortraitUpsideDown UIInterfaceOrientationLandscapeLeft UIInterfaceOrientationLandscapeRight";
				INFOPLIST_KEY_UISupportedInterfaceOrientations_iPhone = "UIInterfaceOrientationPortrait UIInterfaceOrientationLandscapeLeft UIInterfaceOrientationLandscapeRight";
				IPHONEOS_DEPLOYMENT_TARGET = 16.4;
				LD_RUNPATH_SEARCH_PATHS = "@executable_path/Frameworks";
				"LD_RUNPATH_SEARCH_PATHS[sdk=macosx*]" = "@executable_path/../Frameworks";
				MACOSX_DEPLOYMENT_TARGET = 13.3;
				MARKETING_VERSION = 1.0;
				PRODUCT_BUNDLE_IDENTIFIER = JD.CamaraMicrofono;
				PRODUCT_NAME = "$(TARGET_NAME)";
				SDKROOT = auto;
				SUPPORTED_PLATFORMS = "iphoneos iphonesimulator macosx";
				SWIFT_EMIT_LOC_STRINGS = YES;
				SWIFT_OPTIMIZATION_LEVEL = "-Onone";
				SWIFT_VERSION = 5.0;
				TARGETED_DEVICE_FAMILY = "1,2";
			};
			name = Debug;
		};
		0FBA3A1630674A500023284B /* Release */ = {
			isa = XCBuildConfiguration;
			buildSettings = {
				ASSETCATALOG_COMPILER_APPICON_NAME = AppIcon;
				ASSETCATALOG_COMPILER_GLOBAL_ACCENT_COLOR_NAME = AccentColor;
				CLANG_ENABLE_MODULES = YES;
				CODE_SIGN_ENTITLEMENTS = CamaraMicrofono/CamaraMicrofono.entitlements;
				CODE_SIGN_STYLE = Automatic;
				CURRENT_PROJECT_VERSION = 1;
				DEVELOPMENT_ASSET_PATHS = "\"CamaraMicrofono/Preview Content\"";
				ENABLE_PREVIEWS = YES;
				GENERATE_INFOPLIST_FILE = YES;
				INFOPLIST_FILE = CamaraMicrofono/Info.plist;
				INFOPLIST_KEY_NSCameraUsageDescription = "Se necesita acceso a la camara";
				INFOPLIST_KEY_NSLocationWhenInUseUsageDescription = "Se necesita acceso a tu ubicacion";
				INFOPLIST_KEY_NSMicrophoneUsageDescription = "Se necesita acceso al microfono";
				"INFOPLIST_KEY_UIApplicationSceneManifest_Generation[sdk=iphoneos*]" = YES;
				"INFOPLIST_KEY_UIApplicationSceneManifest_Generation[sdk=iphonesimulator*]" = YES;
				"INFOPLIST_KEY_UIApplicationSupportsIndirectInputEvents[sdk=iphoneos*]" = YES;
				"INFOPLIST_KEY_UIApplicationSupportsIndirectInputEvents[sdk=iphonesimulator*]" = YES;
				"INFOPLIST_KEY_UILaunchScreen_Generation[sdk=iphoneos*]" = YES;
				"INFOPLIST_KEY_UILaunchScreen_Generation[sdk=iphonesimulator*]" = YES;
				"INFOPLIST_KEY_UIStatusBarStyle[sdk=iphoneos*]" = UIStatusBarStyleDefault;
				"INFOPLIST_KEY_UIStatusBarStyle[sdk=iphonesimulator*]" = UIStatusBarStyleDefault;
				INFOPLIST_KEY_UISupportedInterfaceOrientations_iPad = "UIInterfaceOrientationPortrait UIInterfaceOrientationPortraitUpsideDown UIInterfaceOrientationLandscapeLeft UIInterfaceOrientationLandscapeRight";
				INFOPLIST_KEY_UISupportedInterfaceOrientations_iPhone = "UIInterfaceOrientationPortrait UIInterfaceOrientationLandscapeLeft UIInterfaceOrientationLandscapeRight";
				IPHONEOS_DEPLOYMENT_TARGET = 16.4;
				LD_RUNPATH_SEARCH_PATHS = "@executable_path/Frameworks";
				"LD_RUNPATH_SEARCH_PATHS[sdk=macosx*]" = "@executable_path/../Frameworks";
				MACOSX_DEPLOYMENT_TARGET = 13.3;
				MARKETING_VERSION = 1.0;
				PRODUCT_BUNDLE_IDENTIFIER = JD.CamaraMicrofono;
				PRODUCT_NAME = "$(TARGET_NAME)";
				SDKROOT = auto;
				SUPPORTED_PLATFORMS = "iphoneos iphonesimulator macosx";
				SWIFT_EMIT_LOC_STRINGS = YES;
				SWIFT_VERSION = 5.0;
				TARGETED_DEVICE_FAMILY = "1,2";
			};
			name = Release;
		};
		0FBA3A1830674A500023284B /* Debug */ = {
			isa = XCBuildConfiguration;
			buildSettings = {
				ALWAYS_EMBED_SWIFT_STANDARD_LIBRARIES = YES;
				BUNDLE_LOADER = "$(TEST_HOST)";
				CODE_SIGN_STYLE = Automatic;
				CURRENT_PROJECT_VERSION = 1;
				GENERATE_INFOPLIST_FILE = YES;
				IPHONEOS_DEPLOYMENT_TARGET = 16.4;
				MACOSX_DEPLOYMENT_TARGET = 13.3;
				MARKETING_VERSION = 1.0;
				PRODUCT_BUNDLE_IDENTIFIER = JD.CamaraMicrofonoTests;
				PRODUCT_NAME = "$(TARGET_NAME)";
				SDKROOT = auto;
				SUPPORTED_PLATFORMS = "iphoneos iphonesimulator macosx";
				SWIFT_EMIT_LOC_STRINGS = NO;
				SWIFT_VERSION = 5.0;
				TARGETED_DEVICE_FAMILY = "1,2";
				TEST_HOST = "$(BUILT_PRODUCTS_DIR)/CamaraMicrofono.app/$(BUNDLE_EXECUTABLE_FOLDER_PATH)/CamaraMicrofono";
			};
			name = Debug;
		};
		0FBA3A1930674A500023284B /* Release */ = {
			isa = XCBuildConfiguration;
			buildSettings = {
				ALWAYS_EMBED_SWIFT_STANDARD_LIBRARIES = YES;
				BUNDLE_LOADER = "$(TEST_HOST)";
				CODE_SIGN_STYLE = Automatic;
				CURRENT_PROJECT_VERSION = 1;
				GENERATE_INFOPLIST_FILE = YES;
				IPHONEOS_DEPLOYMENT_TARGET = 16.4;
				MACOSX_DEPLOYMENT_TARGET = 13.3;
				MARKETING_VERSION = 1.0;
				PRODUCT_BUNDLE_IDENTIFIER = JD.CamaraMicrofonoTests;
				PRODUCT_NAME = "$(TARGET_NAME)";
				SDKROOT = auto;
				SUPPORTED_PLATFORMS = "iphoneos iphonesimulator macosx";
				SWIFT_EMIT_LOC_STRINGS = NO;
				SWIFT_VERSION = 5.0;
				TARGETED_DEVICE_FAMILY = "1,2";
				TEST_HOST = "$(BUILT_PRODUCTS_DIR)/CamaraMicrofono.app/$(BUNDLE_EXECUTABLE_FOLDER_PATH)/CamaraMicrofono";
			};
			name = Release;
		};
		0FBA3A1B30674A500023284B /* Debug */ = {
			isa = XCBuildConfiguration;
			buildSettings = {
				ALWAYS_EMBED_SWIFT_STANDARD_LIBRARIES = YES;
				CODE_SIGN_STYLE = Automatic;
				CURRENT_PROJECT_VERSION = 1;
				GENERATE_INFOPLIST_FILE = YES;
				IPHONEOS_DEPLOYMENT_TARGET = 16.4;
				MACOSX_DEPLOYMENT_TARGET = 13.3;
				MARKETING_VERSION = 1.0;
				PRODUCT_BUNDLE_IDENTIFIER = JD.CamaraMicrofonoUITests;
				PRODUCT_NAME = "$(TARGET_NAME)";
				SDKROOT = auto;
				SUPPORTED_PLATFORMS = "iphoneos iphonesimulator macosx";
				SWIFT_EMIT_LOC_STRINGS = NO;
				SWIFT_VERSION = 5.0;
				TARGETED_DEVICE_FAMILY = "1,2";
				TEST_TARGET_NAME = CamaraMicrofono;
			};
			name = Debug;
		};
		0FBA3A1C30674A500023284B /* Release */ = {
			isa = XCBuildConfiguration;
			buildSettings = {
				ALWAYS_EMBED_SWIFT_STANDARD_LIBRARIES = YES;
				CODE_SIGN_STYLE = Automatic;
				CURRENT_PROJECT_VERSION = 1;
				GENERATE_INFOPLIST_FILE = YES;
				IPHONEOS_DEPLOYMENT_TARGET = 16.4;
				MACOSX_DEPLOYMENT_TARGET = 13.3;
				MARKETING_VERSION = 1.0;
				PRODUCT_BUNDLE_IDENTIFIER = JD.CamaraMicrofonoUITests;
				PRODUCT_NAME = "$(TARGET_NAME)";
				SDKROOT = auto;
				SUPPORTED_PLATFORMS = "iphoneos iphonesimulator macosx";
				SWIFT_EMIT_LOC_STRINGS = NO;
				SWIFT_VERSION = 5.0;
				TARGETED_DEVICE_FAMILY = "1,2";
				TEST_TARGET_NAME = CamaraMicrofono;
			};
			name = Release;
		};
/* End XCBuildConfiguration section */

/* Begin XCConfigurationList section */
		0FBA39EA30674A4A0023284B /* Build configuration list for PBXProject "CamaraMicrofono" */ = {
			isa = XCConfigurationList;
			buildConfigurations = (
				0FBA3A1230674A500023284B /* Debug */,
				0FBA3A1330674A500023284B /* Release */,
			);
			defaultConfigurationIsVisible = 0;
			defaultConfigurationName = Release;
		};
		0FBA3A1430674A500023284B /* Build configuration list for PBXNativeTarget "CamaraMicrofono" */ = {
			isa = XCConfigurationList;
			buildConfigurations = (
				0FBA3A1530674A500023284B /* Debug */,
				0FBA3A1630674A500023284B /* Release */,
			);
			defaultConfigurationIsVisible = 0;
			defaultConfigurationName = Release;
		};
		0FBA3A1730674A500023284B /* Build configuration list for PBXNativeTarget "CamaraMicrofonoTests" */ = {
			isa = XCConfigurationList;
			buildConfigurations = (
				0FBA3A1830674A500023284B /* Debug */,
				0FBA3A1930674A500023284B /* Release */,
			);
			defaultConfigurationIsVisible = 0;
			defaultConfigurationName = Release;
		};
		0FBA3A1A30674A500023284B /* Build configuration list for PBXNativeTarget "CamaraMicrofonoUITests" */ = {
			isa = XCConfigurationList;
			buildConfigurations = (
				0FBA3A1B30674A500023284B /* Debug */,
				0FBA3A1C30674A500023284B /* Release */,
			);
			defaultConfigurationIsVisible = 0;
			defaultConfigurationName = Release;
		};
/* End XCConfigurationList section */

/* Begin XCVersionGroup section */
		0FBA3A2530674A910023284B /* CamaraMicrofono.xcdatamodeld */ = {
			isa = XCVersionGroup;
			children = (
				0FBA3A2630674A910023284B /* CamaraMicrofono.xcdatamodel */,
			);
			currentVersion = 0FBA3A2630674A910023284B /* CamaraMicrofono.xcdatamodel */;
			path = CamaraMicrofono.xcdatamodeld;
			sourceTree = "<group>";
			versionGroupType = wrapper.xcdatamodel;
		};
/* End XCVersionGroup section */
	};
	rootObject = 0FBA39E730674A4A0023284B /* Project object */;
}
